
Microsoft Visual Studio Solution File, Format Version 12.00
# Visual Studio Version 17
VisualStudioVersion = 17.8.34322.80
MinimumVisualStudioVersion = 10.0.40219.1
Project("{FAE04EC0-301F-11D3-BF4B-00C04F79EFBC}") = "Hyelp", "Hyelp\Hyelp.csproj", "{F66FDF3C-7308-47F0-8875-7E4E93B73F4E}"
EndProject
Global
	GlobalSection(SolutionConfigurationPlatforms) = preSolution
		Debug|Any CPU = Debug|Any CPU
		Release|Any CPU = Release|Any CPU
	EndGlobalSection
	GlobalSection(ProjectConfigurationPlatforms) = postSolution
		{F66FDF3C-7308-47F0-8875-7E4E93B73F4E}.Debug|Any CPU.ActiveCfg = Debug|Any CPU
		{F66FDF3C-7308-47F0-8875-7E4E93B73F4E}.Debug|Any CPU.Build.0 = Debug|Any CPU
		{F66FDF3C-7308-47F0-8875-7E4E93B73F4E}.Release|Any CPU.ActiveCfg = Release|Any CPU
		{F66FDF3C-7308-47F0-8875-7E4E93B73F4E}.Release|Any CPU.Build.0 = Release|Any CPU
	EndGlobalSection
	GlobalSection(SolutionProperties) = preSolution
		HideSolutionNode = FALSE
	EndGlobalSection
	GlobalSection(ExtensibilityGlobals) = postSolution
		SolutionGuid = {30C96B67-5F9B-43D4-813A-29D0E9AD7CF7}
	EndGlobalSection
EndGlobal
